
Microsoft Visual Studio Solution File, Format Version 12.00
# Visual Studio Version 16
VisualStudioVersion = 16.0.30204.135
MinimumVisualStudioVersion = 10.0.40219.1
Project("{FAE04EC0-301F-11D3-BF4B-00C04F79EFBC}") = "VSM.WEB", "VSM.WEB\VSM.WEB.csproj", "{30819441-28CB-4167-821D-34593510312E}"
EndProject
Global
	GlobalSection(SolutionConfigurationPlatforms) = preSolution
		Debug|Any CPU = Debug|Any CPU
		Release|Any CPU = Release|Any CPU
	EndGlobalSection
	GlobalSection(ProjectConfigurationPlatforms) = postSolution
		{30819441-28CB-4167-821D-34593510312E}.Debug|Any CPU.ActiveCfg = Debug|Any CPU
		{30819441-28CB-4167-821D-34593510312E}.Debug|Any CPU.Build.0 = Debug|Any CPU
		{30819441-28CB-4167-821D-34593510312E}.Release|Any CPU.ActiveCfg = Release|Any CPU
		{30819441-28CB-4167-821D-34593510312E}.Release|Any CPU.Build.0 = Release|Any CPU
	EndGlobalSection
	GlobalSection(SolutionProperties) = preSolution
		HideSolutionNode = FALSE
	EndGlobalSection
	GlobalSection(ExtensibilityGlobals) = postSolution
		SolutionGuid = {42023A6C-1651-45EC-9E64-1FB0582153C4}
	EndGlobalSection
EndGlobal
